// !$*UTF8*$!
{
	archiveVersion = 1;
	classes = {
	};
	objectVersion = 56;
	objects = {

/* Begin PBXFileReference section */
		90F649A62D0CF73A00531E56 /* index.html */ = {isa = PBXFileReference; lastKnownFileType = text.html; path = index.html; sourceTree = "<group>"; };
		90F649A72D0CF74500531E56 /* styles.css */ = {isa = PBXFileReference; lastKnownFileType = text.css; path = styles.css; sourceTree = "<group>"; };
		90F649A82D0D7D3900531E56 /* Set of Colored Markers.txt */ = {isa = PBXFileReference; lastKnownFileType = text; path = "Set of Colored Markers.txt"; sourceTree = "<group>"; };
/* End PBXFileReference section */

/* Begin PBXGroup section */
		90F6499F2D0CF72F00531E56 = {
			isa = PBXGroup;
			children = (
				90F649A82D0D7D3900531E56 /* Set of Colored Markers.txt */,
				90F649A72D0CF74500531E56 /* styles.css */,
				90F649A62D0CF73A00531E56 /* index.html */,
			);
			sourceTree = "<group>";
		};
/* End PBXGroup section */

/* Begin PBXProject section */
		90F649A02D0CF72F00531E56 /* Project object */ = {
			isa = PBXProject;
			attributes = {
				BuildIndependentTargetsInParallel = 1;
				LastUpgradeCheck = 1520;
			};
			buildConfigurationList = 90F649A32D0CF72F00531E56 /* Build configuration list for PBXProject "Set of Colored Markers" */;
			compatibilityVersion = "Xcode 14.0";
			developmentRegion = en;
			hasScannedForEncodings = 0;
			knownRegions = (
				en,
				Base,
			);
			mainGroup = 90F6499F2D0CF72F00531E56;
			projectDirPath = "";
			projectRoot = "";
			targets = (
			);
		};
/* End PBXProject section */

/* Begin XCBuildConfiguration section */
		90F649A42D0CF72F00531E56 /* Debug */ = {
			isa = XCBuildConfiguration;
			buildSettings = {
			};
			name = Debug;
		};
		90F649A52D0CF72F00531E56 /* Release */ = {
			isa = XCBuildConfiguration;
			buildSettings = {
			};
			name = Release;
		};
/* End XCBuildConfiguration section */

/* Begin XCConfigurationList section */
		90F649A32D0CF72F00531E56 /* Build configuration list for PBXProject "Set of Colored Markers" */ = {
			isa = XCConfigurationList;
			buildConfigurations = (
				90F649A42D0CF72F00531E56 /* Debug */,
				90F649A52D0CF72F00531E56 /* Release */,
			);
			defaultConfigurationIsVisible = 0;
			defaultConfigurationName = Release;
		};
/* End XCConfigurationList section */
	};
	rootObject = 90F649A02D0CF72F00531E56 /* Project object */;
}
